{
    "requires": true,
    "lockfileVersion": 1,
    "dependencies": {
        "webpack-laravel-mix-manifest": {
            "version": "3.0.2",
            "resolved": "https://registry.npmjs.org/webpack-laravel-mix-manifest/-/webpack-laravel-mix-manifest-3.0.2.tgz",
            "integrity": "sha512-vLKtkxaO1DRrev2x52aKZODU7IhG8ZRZLGHoSGKEM3w+iPN0KVdRceC/VySCC5cCkS/AQebMQv2Y9nRARo1hmw==",
            "dev": true
        }
    }
}
